
Microsoft Visual Studio Solution File, Format Version 12.00
# Visual Studio Version 16
VisualStudioVersion = 16.0.31702.278
MinimumVisualStudioVersion = 10.0.40219.1
Project("{9A19103F-16F7-4668-BE54-9A1E7A4F7556}") = "1.1. Inroduction", "C Sharp Çalışma Dosyası\1.1. Inroduction.csproj", "{7ADE4DA3-1DF1-4495-930D-D44D35557649}"
EndProject
Project("{FAE04EC0-301F-11D3-BF4B-00C04F79EFBC}") = "1.2. Decision Structures", "Decision Structures\1.2. Decision Structures.csproj", "{41C509DD-8CF5-4686-9AA2-0EC2CCBCA2AC}"
EndProject
Project("{9A19103F-16F7-4668-BE54-9A1E7A4F7556}") = "Linq Çalışma Dosyası", "..\Linq Çalışma Dosyası\Linq Çalışma Dosyası\Linq Çalışma Dosyası.csproj", "{AE1E6614-59B3-42F9-BC8E-BD383545E712}"
EndProject
Project("{9A19103F-16F7-4668-BE54-9A1E7A4F7556}") = "1.3.Dictionary Çalışma Dosyası", "..\Dictionary Çalışma Dosyası\Dictionary Çalışma Dosyası\1.3.Dictionary Çalışma Dosyası.csproj", "{05444540-A296-4530-A920-8A06A54599F8}"
EndProject
Project("{9A19103F-16F7-4668-BE54-9A1E7A4F7556}") = "deneme for xml", "..\Xml Çalışma Dosyası\deneme for xml\deneme for xml.csproj", "{BC32B284-7F33-482C-A436-FAD9AF3B1BB9}"
EndProject
Global
	GlobalSection(SolutionConfigurationPlatforms) = preSolution
		Debug|Any CPU = Debug|Any CPU
		Release|Any CPU = Release|Any CPU
	EndGlobalSection
	GlobalSection(ProjectConfigurationPlatforms) = postSolution
		{7ADE4DA3-1DF1-4495-930D-D44D35557649}.Debug|Any CPU.ActiveCfg = Debug|Any CPU
		{7ADE4DA3-1DF1-4495-930D-D44D35557649}.Debug|Any CPU.Build.0 = Debug|Any CPU
		{7ADE4DA3-1DF1-4495-930D-D44D35557649}.Release|Any CPU.ActiveCfg = Release|Any CPU
		{7ADE4DA3-1DF1-4495-930D-D44D35557649}.Release|Any CPU.Build.0 = Release|Any CPU
		{41C509DD-8CF5-4686-9AA2-0EC2CCBCA2AC}.Debug|Any CPU.ActiveCfg = Debug|Any CPU
		{41C509DD-8CF5-4686-9AA2-0EC2CCBCA2AC}.Debug|Any CPU.Build.0 = Debug|Any CPU
		{41C509DD-8CF5-4686-9AA2-0EC2CCBCA2AC}.Release|Any CPU.ActiveCfg = Release|Any CPU
		{41C509DD-8CF5-4686-9AA2-0EC2CCBCA2AC}.Release|Any CPU.Build.0 = Release|Any CPU
		{AE1E6614-59B3-42F9-BC8E-BD383545E712}.Debug|Any CPU.ActiveCfg = Debug|Any CPU
		{AE1E6614-59B3-42F9-BC8E-BD383545E712}.Debug|Any CPU.Build.0 = Debug|Any CPU
		{AE1E6614-59B3-42F9-BC8E-BD383545E712}.Release|Any CPU.ActiveCfg = Release|Any CPU
		{AE1E6614-59B3-42F9-BC8E-BD383545E712}.Release|Any CPU.Build.0 = Release|Any CPU
		{05444540-A296-4530-A920-8A06A54599F8}.Debug|Any CPU.ActiveCfg = Debug|Any CPU
		{05444540-A296-4530-A920-8A06A54599F8}.Debug|Any CPU.Build.0 = Debug|Any CPU
		{05444540-A296-4530-A920-8A06A54599F8}.Release|Any CPU.ActiveCfg = Release|Any CPU
		{05444540-A296-4530-A920-8A06A54599F8}.Release|Any CPU.Build.0 = Release|Any CPU
		{BC32B284-7F33-482C-A436-FAD9AF3B1BB9}.Debug|Any CPU.ActiveCfg = Debug|Any CPU
		{BC32B284-7F33-482C-A436-FAD9AF3B1BB9}.Debug|Any CPU.Build.0 = Debug|Any CPU
		{BC32B284-7F33-482C-A436-FAD9AF3B1BB9}.Release|Any CPU.ActiveCfg = Release|Any CPU
		{BC32B284-7F33-482C-A436-FAD9AF3B1BB9}.Release|Any CPU.Build.0 = Release|Any CPU
	EndGlobalSection
	GlobalSection(SolutionProperties) = preSolution
		HideSolutionNode = FALSE
	EndGlobalSection
	GlobalSection(ExtensibilityGlobals) = postSolution
		SolutionGuid = {F63A474C-A255-41A4-B5B1-F6524C7AD03C}
	EndGlobalSection
EndGlobal
